
Microsoft Visual Studio Solution File, Format Version 12.00
# Visual Studio Version 16
VisualStudioVersion = 16.0.31321.278
MinimumVisualStudioVersion = 10.0.40219.1
Project("{9A19103F-16F7-4668-BE54-9A1E7A4F7556}") = "AdminLteTry", "AdminLteTry\AdminLteTry.csproj", "{F3948E5E-1CB0-47A1-945C-3094944592CC}"
EndProject
Global
	GlobalSection(SolutionConfigurationPlatforms) = preSolution
		Debug|Any CPU = Debug|Any CPU
		Release|Any CPU = Release|Any CPU
	EndGlobalSection
	GlobalSection(ProjectConfigurationPlatforms) = postSolution
		{F3948E5E-1CB0-47A1-945C-3094944592CC}.Debug|Any CPU.ActiveCfg = Debug|Any CPU
		{F3948E5E-1CB0-47A1-945C-3094944592CC}.Debug|Any CPU.Build.0 = Debug|Any CPU
		{F3948E5E-1CB0-47A1-945C-3094944592CC}.Release|Any CPU.ActiveCfg = Release|Any CPU
		{F3948E5E-1CB0-47A1-945C-3094944592CC}.Release|Any CPU.Build.0 = Release|Any CPU
	EndGlobalSection
	GlobalSection(SolutionProperties) = preSolution
		HideSolutionNode = FALSE
	EndGlobalSection
	GlobalSection(ExtensibilityGlobals) = postSolution
		SolutionGuid = {32DD8828-04F4-4D27-9754-3D3DD63A4ACC}
	EndGlobalSection
EndGlobal
